{
    "_readme": [
        "This file locks the dependencies of your project to a known state",
        "Read more about it at https://getcomposer.org/doc/01-basic-usage.md#installing-dependencies",
        "This file is @generated automatically"
    ],
    "content-hash": "30efcb77582d74c3d0db34dc2f75b89d",
    "packages": [
        {
            "name": "paragonie/random_compat",
            "version": "v9.99.100",
            "source": {
                "type": "git",
                "url": "https://github.com/paragonie/random_compat.git",
                "reference": "996434e5492cb4c3edcb9168db6fbb1359ef965a"
            },
            "dist": {
                "type": "zip",
                "url": "https://api.github.com/repos/paragonie/random_compat/zipball/996434e5492cb4c3edcb9168db6fbb1359ef965a",
                "reference": "996434e5492cb4c3edcb9168db6fbb1359ef965a",
                "shasum": ""
            },
            "require": {
                "php": ">= 7"
            },
            "require-dev": {
                "phpunit/phpunit": "4.*|5.*",
                "vimeo/psalm": "^1"
            },
            "suggest": {
                "ext-libsodium": "Provides a modern crypto API that can be used to generate random bytes."
            },
            "type": "library",
            "notification-url": "https://packagist.org/downloads/",
            "license": [
                "MIT"
            ],
            "authors": [
                {
                    "name": "Paragon Initiative Enterprises",
                    "email": "security@paragonie.com",
                    "homepage": "https://paragonie.com"
                }
            ],
            "description": "PHP 5.x polyfill for random_bytes() and random_int() from PHP 7",
            "keywords": [
                "csprng",
                "polyfill",
                "pseudorandom",
                "random"
            ],
            "support": {
                "email": "info@paragonie.com",
                "issues": "https://github.com/paragonie/random_compat/issues",
                "source": "https://github.com/paragonie/random_compat"
            },
            "time": "2020-10-15T08:29:30+00:00"
        },
        {
            "name": "psr/log",
            "version": "1.1.4",
            "source": {
                "type": "git",
                "url": "https://github.com/php-fig/log.git",
                "reference": "d49695b909c3b7628b6289db5479a1c204601f11"
            },
            "dist": {
                "type": "zip",
                "url": "https://api.github.com/repos/php-fig/log/zipball/d49695b909c3b7628b6289db5479a1c204601f11",
                "reference": "d49695b909c3b7628b6289db5479a1c204601f11",
                "shasum": ""
            },
            "require": {
                "php": ">=5.3.0"
            },
            "type": "library",
            "extra": {
                "branch-alias": {
                    "dev-master": "1.1.x-dev"
                }
            },
            "autoload": {
                "psr-4": {
                    "Psr\\Log\\": "Psr/Log/"
                }
            },
            "notification-url": "https://packagist.org/downloads/",
            "license": [
                "MIT"
            ],
            "authors": [
                {
                    "name": "PHP-FIG",
                    "homepage": "https://www.php-fig.org/"
                }
            ],
            "description": "Common interface for logging libraries",
            "homepage": "https://github.com/php-fig/log",
            "keywords": [
                "log",
                "psr",
                "psr-3"
            ],
            "support": {
                "source": "https://github.com/php-fig/log/tree/1.1.4"
            },
            "time": "2021-05-03T11:20:27+00:00"
        },
        {
            "name": "ryanwinchester/netsuite-php",
            "version": "v2023.1.0",
            "source": {
                "type": "git",
                "url": "https://github.com/netsuitephp/netsuite-php.git",
                "reference": "c8a58e03ab82cf271dd94581555cfcc70649e9c2"
            },
            "dist": {
                "type": "zip",
                "url": "https://api.github.com/repos/netsuitephp/netsuite-php/zipball/c8a58e03ab82cf271dd94581555cfcc70649e9c2",
                "reference": "c8a58e03ab82cf271dd94581555cfcc70649e9c2",
                "shasum": ""
            },
            "require": {
                "ext-openssl": "*",
                "ext-simplexml": "*",
                "ext-soap": "*",
                "paragonie/random_compat": ">=1",
                "php": ">=7.1",
                "psr/log": "^1.0"
            },
            "require-dev": {
                "mikey179/vfsstream": "^1.6",
                "phpspec/phpspec": ">=5",
                "phpunit/phpunit": "^9.5"
            },
            "suggest": {
                "symfony/dotenv": "Provides loading a .env file for obtaining config variables",
                "vlucas/phpdotenv": "Provides loading a .env file for obtaining config variables"
            },
            "type": "library",
            "autoload": {
                "files": [
                    "src/includes/functions.php"
                ],
                "psr-4": {
                    "NetSuite\\": "src/"
                }
            },
            "notification-url": "https://packagist.org/downloads/",
            "license": [
                "Apache-2.0"
            ],
            "authors": [
                {
                    "name": "Ryan Winchester (fungku)",
                    "email": "fungku@gmail.com"
                }
            ],
            "description": "NetSuite PHP API wrapper",
            "keywords": [
                "api",
                "netsuite",
                "php"
            ],
            "support": {
                "issues": "https://github.com/netsuitephp/netsuite-php/issues",
                "source": "https://github.com/netsuitephp/netsuite-php/tree/v2023.1.0"
            },
            "time": "2023-06-28T16:04:37+00:00"
        }
    ],
    "packages-dev": [],
    "aliases": [],
    "minimum-stability": "stable",
    "stability-flags": [],
    "prefer-stable": false,
    "prefer-lowest": false,
    "platform": [],
    "platform-dev": [],
    "plugin-api-version": "2.3.0"
}
